# THIS IS AN AUTOGENERATED FILE. DO NOT EDIT THIS FILE DIRECTLY.
# yarn lockfile v1


commander@^2.11.0:
  version "2.20.3"
  resolved "https://registry.npmjs.org/commander/-/commander-2.20.3.tgz#fd485e84c03eb4881c20722ba48035e8531aeb33"
  integrity sha512-GpVkmM8vF2vQUkj2LvZmD35JxeJOLCwJ9cUkugyk2nuhbv3+mJvpLYYt+0+USMxE+oj+ey/lJEnhZw75x/OMcQ==

tsnodemon@^1.2.2:
  version "1.2.2"
  resolved "https://registry.npmjs.org/tsnodemon/-/tsnodemon-1.2.2.tgz#9eef32f74e8abf7f4ac7bb7d224cb3f4bd2b877c"
  integrity sha512-1ceEvuuihwQQMLCYrKuZi2i8pemhuMiCy1nPev59cJM7JLtz7txHX3WQyhcc6zOvyBjt1Gbcg5yd53QjEw046Q==
  dependencies:
    commander "^2.11.0"
